{
  "name": "SpessaSynth",
  "version": "3.26.0",
  "lockfileVersion": 3,
  "requires": true,
  "packages": {
    "": {
      "name": "SpessaSynth",
      "version": "3.26.0",
      "dependencies": {
        "spessasynth_core": "^3.26.2",
        "spessasynth_lib": "^3.26.6"
      }
    },
    "../spessasynth_core": {
      "version": "3.26.2",
      "extraneous": true,
      "license": "Apache-2.0"
    },
    "../spessasynth_lib": {
      "version": "3.26.5",
      "extraneous": true,
      "license": "Apache-2.0",
      "dependencies": {
        "spessasynth_core": "latest"
      }
    },
    "node_modules/spessasynth_core": {
      "version": "3.26.2",
      "resolved": "https://registry.npmjs.org/spessasynth_core/-/spessasynth_core-3.26.2.tgz",
      "integrity": "sha512-eaPgbrM0VdyEnUXDh5ElT6Sj/gGRXbWHlWJ7KchWo6wNCSQe//a4qDsUANX1fL+8zAOIBN5ZBBccCK4mnkX20Q==",
      "license": "Apache-2.0"
    },
    "node_modules/spessasynth_lib": {
      "version": "3.26.6",
      "resolved": "https://registry.npmjs.org/spessasynth_lib/-/spessasynth_lib-3.26.6.tgz",
      "integrity": "sha512-UaTpEEuGzbQ8JnjPqUe3IMekMB6QNmyOm3Dt4V2EgPecoVKZlacCCWBbKEkGblc0/I5T33kqUla2TuiIk3E5tA==",
      "license": "Apache-2.0",
      "dependencies": {
        "spessasynth_core": "latest"
      }
    }
  }
}
