{
  "name": "SpessaSynth",
  "version": "3.26.0",
  "lockfileVersion": 3,
  "requires": true,
  "packages": {
    "": {
      "name": "SpessaSynth",
      "version": "3.26.0",
      "dependencies": {
        "spessasynth_core": "latest",
        "spessasynth_lib": "latest"
      }
    },
    "../spessasynth_core": {
      "version": "3.26.3",
      "extraneous": true,
      "license": "Apache-2.0"
    },
    "../spessasynth_lib": {
      "version": "3.26.7",
      "extraneous": true,
      "license": "Apache-2.0",
      "dependencies": {
        "spessasynth_core": "latest"
      }
    },
    "node_modules/spessasynth_core": {
      "version": "3.26.3",
      "resolved": "https://registry.npmjs.org/spessasynth_core/-/spessasynth_core-3.26.3.tgz",
      "integrity": "sha512-QthbmCiLEzf38hSRKjtS+CIJtm5Uw7Kj2WL0gLaaK0M9Ta0D7z4JBEfraIz7kanmEYkYc5gtg6h8MH8iulzb7w==",
      "license": "Apache-2.0"
    },
    "node_modules/spessasynth_lib": {
      "version": "3.26.7",
      "resolved": "https://registry.npmjs.org/spessasynth_lib/-/spessasynth_lib-3.26.7.tgz",
      "integrity": "sha512-lbmnEP/6xnfkRH8DqyDEh2gwgqnA86Hi4lwtYhK/eA8TuyuHlZn3iFsWvWdylADvxh/cDvrNcIcOww6+9UOmaQ==",
      "license": "Apache-2.0",
      "dependencies": {
        "spessasynth_core": "latest"
      }
    }
  }
}
